
Microsoft Visual Studio Solution File, Format Version 12.00
# Visual Studio Version 17
VisualStudioVersion = 17.7.34024.191
MinimumVisualStudioVersion = 10.0.40219.1
Project("{FAE04EC0-301F-11D3-BF4B-00C04F79EFBC}") = "PassaParola", "PassaParola\PassaParola.csproj", "{9A7A1A7D-9CB1-41E0-ABCA-F60957018AA3}"
EndProject
Global
	GlobalSection(SolutionConfigurationPlatforms) = preSolution
		Debug|Any CPU = Debug|Any CPU
		Release|Any CPU = Release|Any CPU
	EndGlobalSection
	GlobalSection(ProjectConfigurationPlatforms) = postSolution
		{9A7A1A7D-9CB1-41E0-ABCA-F60957018AA3}.Debug|Any CPU.ActiveCfg = Debug|Any CPU
		{9A7A1A7D-9CB1-41E0-ABCA-F60957018AA3}.Debug|Any CPU.Build.0 = Debug|Any CPU
		{9A7A1A7D-9CB1-41E0-ABCA-F60957018AA3}.Release|Any CPU.ActiveCfg = Release|Any CPU
		{9A7A1A7D-9CB1-41E0-ABCA-F60957018AA3}.Release|Any CPU.Build.0 = Release|Any CPU
	EndGlobalSection
	GlobalSection(SolutionProperties) = preSolution
		HideSolutionNode = FALSE
	EndGlobalSection
	GlobalSection(ExtensibilityGlobals) = postSolution
		SolutionGuid = {9477AC9D-2BA1-4475-80A6-FB6B851AD9EE}
	EndGlobalSection
EndGlobal
